Microsoft Visual Studio Solution File, Format Version 12.00
# Visual Studio Version 17
VisualStudioVersion = 17.0.31903.59
MinimumVisualStudioVersion = 10.0.40219.1
Project("{2150E333-8FDC-42A3-9474-1A3956D46DE8}") = "src", "src", "{827E0CD3-B72D-47B6-A68D-7590B98EB39B}"
EndProject
Project("{FAE04EC0-301F-11D3-BF4B-00C04F79EFBC}") = "Fluent.App", "src\Fluent.App\Fluent.App.csproj", "{62A07EFC-D6C6-4A12-A9A1-7BFA0AE16C6D}"
EndProject
Project("{FAE04EC0-301F-11D3-BF4B-00C04F79EFBC}") = "Fluent.Core", "src\Fluent.Core\Fluent.Core.csproj", "{95EB4B76-84BE-4668-9EDF-FDCBDEDC5DD0}"
EndProject
Project("{FAE04EC0-301F-11D3-BF4B-00C04F79EFBC}") = "Fluent.Windows", "src\Fluent.Windows\Fluent.Windows.csproj", "{21A602A0-F323-4174-BB00-2936CB886FEB}"
EndProject
Project("{FAE04EC0-301F-11D3-BF4B-00C04F79EFBC}") = "Fluent.Audio", "src\Fluent.Audio\Fluent.Audio.csproj", "{BF193661-92FD-446F-A60A-E24D01907328}"
EndProject
Project("{FAE04EC0-301F-11D3-BF4B-00C04F79EFBC}") = "Fluent.Speech", "src\Fluent.Speech\Fluent.Speech.csproj", "{1E677DBE-D125-4FE2-BC4B-E3DE7C17FEAE}"
EndProject
Project("{FAE04EC0-301F-11D3-BF4B-00C04F79EFBC}") = "Fluent.Rewrite", "src\Fluent.Rewrite\Fluent.Rewrite.csproj", "{E3EFCA2D-C661-4F9D-B502-FC4D7CF55E12}"
EndProject
Project("{FAE04EC0-301F-11D3-BF4B-00C04F79EFBC}") = "Fluent.Persistence", "src\Fluent.Persistence\Fluent.Persistence.csproj", "{541D795A-6D0D-4087-8850-E0737E4B0049}"
EndProject
Project("{2150E333-8FDC-42A3-9474-1A3956D46DE8}") = "tests", "tests", "{0AB3BF05-4346-4AA6-1389-037BE0695223}"
EndProject
Project("{FAE04EC0-301F-11D3-BF4B-00C04F79EFBC}") = "Fluent.Core.Tests", "tests\Fluent.Core.Tests\Fluent.Core.Tests.csproj", "{F46730DC-16C8-4748-90C2-21AABD7885CC}"
EndProject
Project("{FAE04EC0-301F-11D3-BF4B-00C04F79EFBC}") = "Fluent.Windows.Tests", "tests\Fluent.Windows.Tests\Fluent.Windows.Tests.csproj", "{1A4D6C36-AF8D-47B7-BE4B-B9FFB7423F29}"
EndProject
Project("{FAE04EC0-301F-11D3-BF4B-00C04F79EFBC}") = "Fluent.Audio.Tests", "tests\Fluent.Audio.Tests\Fluent.Audio.Tests.csproj", "{522D3F09-3E60-4E56-8811-E38945B6A56E}"
EndProject
Project("{FAE04EC0-301F-11D3-BF4B-00C04F79EFBC}") = "Fluent.Speech.Tests", "tests\Fluent.Speech.Tests\Fluent.Speech.Tests.csproj", "{B974201F-3F35-4ECC-9746-250C214A3427}"
EndProject
Project("{FAE04EC0-301F-11D3-BF4B-00C04F79EFBC}") = "Fluent.Rewrite.Tests", "tests\Fluent.Rewrite.Tests\Fluent.Rewrite.Tests.csproj", "{0EA4CD82-700F-430A-84D6-4A0CD9745B3C}"
EndProject
Project("{FAE04EC0-301F-11D3-BF4B-00C04F79EFBC}") = "Fluent.Persistence.Tests", "tests\Fluent.Persistence.Tests\Fluent.Persistence.Tests.csproj", "{296FEB6E-4E21-422D-AFA9-6C6BEEC40DC8}"
EndProject
Project("{FAE04EC0-301F-11D3-BF4B-00C04F79EFBC}") = "Fluent.IntegrationTests", "tests\Fluent.IntegrationTests\Fluent.IntegrationTests.csproj", "{93E9CC82-BDB1-4A34-8543-4926C1C541E8}"
EndProject
Project("{2150E333-8FDC-42A3-9474-1A3956D46DE8}") = "tools", "tools", "{07C2787E-EAC7-C090-1BA3-A61EC2A24D84}"
EndProject
Project("{FAE04EC0-301F-11D3-BF4B-00C04F79EFBC}") = "Fluent.ManualHarness", "tools\Fluent.ManualHarness\Fluent.ManualHarness.csproj", "{A3F74E46-B7D0-47F7-B358-3270375A123A}"
EndProject
Project("{FAE04EC0-301F-11D3-BF4B-00C04F79EFBC}") = "Fluent.Cloud", "src\Fluent.Cloud\Fluent.Cloud.csproj", "{B2FF8DEE-D30A-4A96-B927-5D464760FEF5}"
EndProject
Project("{FAE04EC0-301F-11D3-BF4B-00C04F79EFBC}") = "Fluent.Backend", "src\Fluent.Backend\Fluent.Backend.csproj", "{BC7B59D6-F575-46E2-995C-33C87B1CB69D}"
EndProject
Project("{FAE04EC0-301F-11D3-BF4B-00C04F79EFBC}") = "Fluent.Backend.Tests", "tests\Fluent.Backend.Tests\Fluent.Backend.Tests.csproj", "{03AA7A18-147F-432D-AECD-23391A4EFD5C}"
EndProject
Global
	GlobalSection(SolutionConfigurationPlatforms) = preSolution
		Debug|Any CPU = Debug|Any CPU
		Debug|x64 = Debug|x64
		Debug|x86 = Debug|x86
		Release|Any CPU = Release|Any CPU
		Release|x64 = Release|x64
		Release|x86 = Release|x86
	EndGlobalSection
	GlobalSection(ProjectConfigurationPlatforms) = postSolution
		{62A07EFC-D6C6-4A12-A9A1-7BFA0AE16C6D}.Debug|Any CPU.ActiveCfg = Debug|Any CPU
		{62A07EFC-D6C6-4A12-A9A1-7BFA0AE16C6D}.Debug|Any CPU.Build.0 = Debug|Any CPU
		{62A07EFC-D6C6-4A12-A9A1-7BFA0AE16C6D}.Debug|x64.ActiveCfg = Debug|Any CPU
		{62A07EFC-D6C6-4A12-A9A1-7BFA0AE16C6D}.Debug|x64.Build.0 = Debug|Any CPU
		{62A07EFC-D6C6-4A12-A9A1-7BFA0AE16C6D}.Debug|x86.ActiveCfg = Debug|Any CPU
		{62A07EFC-D6C6-4A12-A9A1-7BFA0AE16C6D}.Debug|x86.Build.0 = Debug|Any CPU
		{62A07EFC-D6C6-4A12-A9A1-7BFA0AE16C6D}.Release|Any CPU.ActiveCfg = Release|Any CPU
		{62A07EFC-D6C6-4A12-A9A1-7BFA0AE16C6D}.Release|Any CPU.Build.0 = Release|Any CPU
		{62A07EFC-D6C6-4A12-A9A1-7BFA0AE16C6D}.Release|x64.ActiveCfg = Release|Any CPU
		{62A07EFC-D6C6-4A12-A9A1-7BFA0AE16C6D}.Release|x64.Build.0 = Release|Any CPU
		{62A07EFC-D6C6-4A12-A9A1-7BFA0AE16C6D}.Release|x86.ActiveCfg = Release|Any CPU
		{62A07EFC-D6C6-4A12-A9A1-7BFA0AE16C6D}.Release|x86.Build.0 = Release|Any CPU
		{95EB4B76-84BE-4668-9EDF-FDCBDEDC5DD0}.Debug|Any CPU.ActiveCfg = Debug|Any CPU
		{95EB4B76-84BE-4668-9EDF-FDCBDEDC5DD0}.Debug|Any CPU.Build.0 = Debug|Any CPU
		{95EB4B76-84BE-4668-9EDF-FDCBDEDC5DD0}.Debug|x64.ActiveCfg = Debug|Any CPU
		{95EB4B76-84BE-4668-9EDF-FDCBDEDC5DD0}.Debug|x64.Build.0 = Debug|Any CPU
		{95EB4B76-84BE-4668-9EDF-FDCBDEDC5DD0}.Debug|x86.ActiveCfg = Debug|Any CPU
		{95EB4B76-84BE-4668-9EDF-FDCBDEDC5DD0}.Debug|x86.Build.0 = Debug|Any CPU
		{95EB4B76-84BE-4668-9EDF-FDCBDEDC5DD0}.Release|Any CPU.ActiveCfg = Release|Any CPU
		{95EB4B76-84BE-4668-9EDF-FDCBDEDC5DD0}.Release|Any CPU.Build.0 = Release|Any CPU
		{95EB4B76-84BE-4668-9EDF-FDCBDEDC5DD0}.Release|x64.ActiveCfg = Release|Any CPU
		{95EB4B76-84BE-4668-9EDF-FDCBDEDC5DD0}.Release|x64.Build.0 = Release|Any CPU
		{95EB4B76-84BE-4668-9EDF-FDCBDEDC5DD0}.Release|x86.ActiveCfg = Release|Any CPU
		{95EB4B76-84BE-4668-9EDF-FDCBDEDC5DD0}.Release|x86.Build.0 = Release|Any CPU
		{21A602A0-F323-4174-BB00-2936CB886FEB}.Debug|Any CPU.ActiveCfg = Debug|Any CPU
		{21A602A0-F323-4174-BB00-2936CB886FEB}.Debug|Any CPU.Build.0 = Debug|Any CPU
		{21A602A0-F323-4174-BB00-2936CB886FEB}.Debug|x64.ActiveCfg = Debug|Any CPU
		{21A602A0-F323-4174-BB00-2936CB886FEB}.Debug|x64.Build.0 = Debug|Any CPU
		{21A602A0-F323-4174-BB00-2936CB886FEB}.Debug|x86.ActiveCfg = Debug|Any CPU
		{21A602A0-F323-4174-BB00-2936CB886FEB}.Debug|x86.Build.0 = Debug|Any CPU
		{21A602A0-F323-4174-BB00-2936CB886FEB}.Release|Any CPU.ActiveCfg = Release|Any CPU
		{21A602A0-F323-4174-BB00-2936CB886FEB}.Release|Any CPU.Build.0 = Release|Any CPU
		{21A602A0-F323-4174-BB00-2936CB886FEB}.Release|x64.ActiveCfg = Release|Any CPU
		{21A602A0-F323-4174-BB00-2936CB886FEB}.Release|x64.Build.0 = Release|Any CPU
		{21A602A0-F323-4174-BB00-2936CB886FEB}.Release|x86.ActiveCfg = Release|Any CPU
		{21A602A0-F323-4174-BB00-2936CB886FEB}.Release|x86.Build.0 = Release|Any CPU
		{BF193661-92FD-446F-A60A-E24D01907328}.Debug|Any CPU.ActiveCfg = Debug|Any CPU
		{BF193661-92FD-446F-A60A-E24D01907328}.Debug|Any CPU.Build.0 = Debug|Any CPU
		{BF193661-92FD-446F-A60A-E24D01907328}.Debug|x64.ActiveCfg = Debug|Any CPU
		{BF193661-92FD-446F-A60A-E24D01907328}.Debug|x64.Build.0 = Debug|Any CPU
		{BF193661-92FD-446F-A60A-E24D01907328}.Debug|x86.ActiveCfg = Debug|Any CPU
		{BF193661-92FD-446F-A60A-E24D01907328}.Debug|x86.Build.0 = Debug|Any CPU
		{BF193661-92FD-446F-A60A-E24D01907328}.Release|Any CPU.ActiveCfg = Release|Any CPU
		{BF193661-92FD-446F-A60A-E24D01907328}.Release|Any CPU.Build.0 = Release|Any CPU
		{BF193661-92FD-446F-A60A-E24D01907328}.Release|x64.ActiveCfg = Release|Any CPU
		{BF193661-92FD-446F-A60A-E24D01907328}.Release|x64.Build.0 = Release|Any CPU
		{BF193661-92FD-446F-A60A-E24D01907328}.Release|x86.ActiveCfg = Release|Any CPU
		{BF193661-92FD-446F-A60A-E24D01907328}.Release|x86.Build.0 = Release|Any CPU
		{1E677DBE-D125-4FE2-BC4B-E3DE7C17FEAE}.Debug|Any CPU.ActiveCfg = Debug|Any CPU
		{1E677DBE-D125-4FE2-BC4B-E3DE7C17FEAE}.Debug|Any CPU.Build.0 = Debug|Any CPU
		{1E677DBE-D125-4FE2-BC4B-E3DE7C17FEAE}.Debug|x64.ActiveCfg = Debug|Any CPU
		{1E677DBE-D125-4FE2-BC4B-E3DE7C17FEAE}.Debug|x64.Build.0 = Debug|Any CPU
		{1E677DBE-D125-4FE2-BC4B-E3DE7C17FEAE}.Debug|x86.ActiveCfg = Debug|Any CPU
		{1E677DBE-D125-4FE2-BC4B-E3DE7C17FEAE}.Debug|x86.Build.0 = Debug|Any CPU
		{1E677DBE-D125-4FE2-BC4B-E3DE7C17FEAE}.Release|Any CPU.ActiveCfg = Release|Any CPU
		{1E677DBE-D125-4FE2-BC4B-E3DE7C17FEAE}.Release|Any CPU.Build.0 = Release|Any CPU
		{1E677DBE-D125-4FE2-BC4B-E3DE7C17FEAE}.Release|x64.ActiveCfg = Release|Any CPU
		{1E677DBE-D125-4FE2-BC4B-E3DE7C17FEAE}.Release|x64.Build.0 = Release|Any CPU
		{1E677DBE-D125-4FE2-BC4B-E3DE7C17FEAE}.Release|x86.ActiveCfg = Release|Any CPU
		{1E677DBE-D125-4FE2-BC4B-E3DE7C17FEAE}.Release|x86.Build.0 = Release|Any CPU
		{E3EFCA2D-C661-4F9D-B502-FC4D7CF55E12}.Debug|Any CPU.ActiveCfg = Debug|Any CPU
		{E3EFCA2D-C661-4F9D-B502-FC4D7CF55E12}.Debug|Any CPU.Build.0 = Debug|Any CPU
		{E3EFCA2D-C661-4F9D-B502-FC4D7CF55E12}.Debug|x64.ActiveCfg = Debug|Any CPU
		{E3EFCA2D-C661-4F9D-B502-FC4D7CF55E12}.Debug|x64.Build.0 = Debug|Any CPU
		{E3EFCA2D-C661-4F9D-B502-FC4D7CF55E12}.Debug|x86.ActiveCfg = Debug|Any CPU
		{E3EFCA2D-C661-4F9D-B502-FC4D7CF55E12}.Debug|x86.Build.0 = Debug|Any CPU
		{E3EFCA2D-C661-4F9D-B502-FC4D7CF55E12}.Release|Any CPU.ActiveCfg = Release|Any CPU
		{E3EFCA2D-C661-4F9D-B502-FC4D7CF55E12}.Release|Any CPU.Build.0 = Release|Any CPU
		{E3EFCA2D-C661-4F9D-B502-FC4D7CF55E12}.Release|x64.ActiveCfg = Release|Any CPU
		{E3EFCA2D-C661-4F9D-B502-FC4D7CF55E12}.Release|x64.Build.0 = Release|Any CPU
		{E3EFCA2D-C661-4F9D-B502-FC4D7CF55E12}.Release|x86.ActiveCfg = Release|Any CPU
		{E3EFCA2D-C661-4F9D-B502-FC4D7CF55E12}.Release|x86.Build.0 = Release|Any CPU
		{541D795A-6D0D-4087-8850-E0737E4B0049}.Debug|Any CPU.ActiveCfg = Debug|Any CPU
		{541D795A-6D0D-4087-8850-E0737E4B0049}.Debug|Any CPU.Build.0 = Debug|Any CPU
		{541D795A-6D0D-4087-8850-E0737E4B0049}.Debug|x64.ActiveCfg = Debug|Any CPU
		{541D795A-6D0D-4087-8850-E0737E4B0049}.Debug|x64.Build.0 = Debug|Any CPU
		{541D795A-6D0D-4087-8850-E0737E4B0049}.Debug|x86.ActiveCfg = Debug|Any CPU
		{541D795A-6D0D-4087-8850-E0737E4B0049}.Debug|x86.Build.0 = Debug|Any CPU
		{541D795A-6D0D-4087-8850-E0737E4B0049}.Release|Any CPU.ActiveCfg = Release|Any CPU
		{541D795A-6D0D-4087-8850-E0737E4B0049}.Release|Any CPU.Build.0 = Release|Any CPU
		{541D795A-6D0D-4087-8850-E0737E4B0049}.Release|x64.ActiveCfg = Release|Any CPU
		{541D795A-6D0D-4087-8850-E0737E4B0049}.Release|x64.Build.0 = Release|Any CPU
		{541D795A-6D0D-4087-8850-E0737E4B0049}.Release|x86.ActiveCfg = Release|Any CPU
		{541D795A-6D0D-4087-8850-E0737E4B0049}.Release|x86.Build.0 = Release|Any CPU
		{F46730DC-16C8-4748-90C2-21AABD7885CC}.Debug|Any CPU.ActiveCfg = Debug|Any CPU
		{F46730DC-16C8-4748-90C2-21AABD7885CC}.Debug|Any CPU.Build.0 = Debug|Any CPU
		{F46730DC-16C8-4748-90C2-21AABD7885CC}.Debug|x64.ActiveCfg = Debug|Any CPU
		{F46730DC-16C8-4748-90C2-21AABD7885CC}.Debug|x64.Build.0 = Debug|Any CPU
		{F46730DC-16C8-4748-90C2-21AABD7885CC}.Debug|x86.ActiveCfg = Debug|Any CPU
		{F46730DC-16C8-4748-90C2-21AABD7885CC}.Debug|x86.Build.0 = Debug|Any CPU
		{F46730DC-16C8-4748-90C2-21AABD7885CC}.Release|Any CPU.ActiveCfg = Release|Any CPU
		{F46730DC-16C8-4748-90C2-21AABD7885CC}.Release|Any CPU.Build.0 = Release|Any CPU
		{F46730DC-16C8-4748-90C2-21AABD7885CC}.Release|x64.ActiveCfg = Release|Any CPU
		{F46730DC-16C8-4748-90C2-21AABD7885CC}.Release|x64.Build.0 = Release|Any CPU
		{F46730DC-16C8-4748-90C2-21AABD7885CC}.Release|x86.ActiveCfg = Release|Any CPU
		{F46730DC-16C8-4748-90C2-21AABD7885CC}.Release|x86.Build.0 = Release|Any CPU
		{1A4D6C36-AF8D-47B7-BE4B-B9FFB7423F29}.Debug|Any CPU.ActiveCfg = Debug|Any CPU
		{1A4D6C36-AF8D-47B7-BE4B-B9FFB7423F29}.Debug|Any CPU.Build.0 = Debug|Any CPU
		{1A4D6C36-AF8D-47B7-BE4B-B9FFB7423F29}.Debug|x64.ActiveCfg = Debug|Any CPU
		{1A4D6C36-AF8D-47B7-BE4B-B9FFB7423F29}.Debug|x64.Build.0 = Debug|Any CPU
		{1A4D6C36-AF8D-47B7-BE4B-B9FFB7423F29}.Debug|x86.ActiveCfg = Debug|Any CPU
		{1A4D6C36-AF8D-47B7-BE4B-B9FFB7423F29}.Debug|x86.Build.0 = Debug|Any CPU
		{1A4D6C36-AF8D-47B7-BE4B-B9FFB7423F29}.Release|Any CPU.ActiveCfg = Release|Any CPU
		{1A4D6C36-AF8D-47B7-BE4B-B9FFB7423F29}.Release|Any CPU.Build.0 = Release|Any CPU
		{1A4D6C36-AF8D-47B7-BE4B-B9FFB7423F29}.Release|x64.ActiveCfg = Release|Any CPU
		{1A4D6C36-AF8D-47B7-BE4B-B9FFB7423F29}.Release|x64.Build.0 = Release|Any CPU
		{1A4D6C36-AF8D-47B7-BE4B-B9FFB7423F29}.Release|x86.ActiveCfg = Release|Any CPU
		{1A4D6C36-AF8D-47B7-BE4B-B9FFB7423F29}.Release|x86.Build.0 = Release|Any CPU
		{522D3F09-3E60-4E56-8811-E38945B6A56E}.Debug|Any CPU.ActiveCfg = Debug|Any CPU
		{522D3F09-3E60-4E56-8811-E38945B6A56E}.Debug|Any CPU.Build.0 = Debug|Any CPU
		{522D3F09-3E60-4E56-8811-E38945B6A56E}.Debug|x64.ActiveCfg = Debug|Any CPU
		{522D3F09-3E60-4E56-8811-E38945B6A56E}.Debug|x64.Build.0 = Debug|Any CPU
		{522D3F09-3E60-4E56-8811-E38945B6A56E}.Debug|x86.ActiveCfg = Debug|Any CPU
		{522D3F09-3E60-4E56-8811-E38945B6A56E}.Debug|x86.Build.0 = Debug|Any CPU
		{522D3F09-3E60-4E56-8811-E38945B6A56E}.Release|Any CPU.ActiveCfg = Release|Any CPU
		{522D3F09-3E60-4E56-8811-E38945B6A56E}.Release|Any CPU.Build.0 = Release|Any CPU
		{522D3F09-3E60-4E56-8811-E38945B6A56E}.Release|x64.ActiveCfg = Release|Any CPU
		{522D3F09-3E60-4E56-8811-E38945B6A56E}.Release|x64.Build.0 = Release|Any CPU
		{522D3F09-3E60-4E56-8811-E38945B6A56E}.Release|x86.ActiveCfg = Release|Any CPU
		{522D3F09-3E60-4E56-8811-E38945B6A56E}.Release|x86.Build.0 = Release|Any CPU
		{B974201F-3F35-4ECC-9746-250C214A3427}.Debug|Any CPU.ActiveCfg = Debug|Any CPU
		{B974201F-3F35-4ECC-9746-250C214A3427}.Debug|Any CPU.Build.0 = Debug|Any CPU
		{B974201F-3F35-4ECC-9746-250C214A3427}.Debug|x64.ActiveCfg = Debug|Any CPU
		{B974201F-3F35-4ECC-9746-250C214A3427}.Debug|x64.Build.0 = Debug|Any CPU
		{B974201F-3F35-4ECC-9746-250C214A3427}.Debug|x86.ActiveCfg = Debug|Any CPU
		{B974201F-3F35-4ECC-9746-250C214A3427}.Debug|x86.Build.0 = Debug|Any CPU
		{B974201F-3F35-4ECC-9746-250C214A3427}.Release|Any CPU.ActiveCfg = Release|Any CPU
		{B974201F-3F35-4ECC-9746-250C214A3427}.Release|Any CPU.Build.0 = Release|Any CPU
		{B974201F-3F35-4ECC-9746-250C214A3427}.Release|x64.ActiveCfg = Release|Any CPU
		{B974201F-3F35-4ECC-9746-250C214A3427}.Release|x64.Build.0 = Release|Any CPU
		{B974201F-3F35-4ECC-9746-250C214A3427}.Release|x86.ActiveCfg = Release|Any CPU
		{B974201F-3F35-4ECC-9746-250C214A3427}.Release|x86.Build.0 = Release|Any CPU
		{0EA4CD82-700F-430A-84D6-4A0CD9745B3C}.Debug|Any CPU.ActiveCfg = Debug|Any CPU
		{0EA4CD82-700F-430A-84D6-4A0CD9745B3C}.Debug|Any CPU.Build.0 = Debug|Any CPU
		{0EA4CD82-700F-430A-84D6-4A0CD9745B3C}.Debug|x64.ActiveCfg = Debug|Any CPU
		{0EA4CD82-700F-430A-84D6-4A0CD9745B3C}.Debug|x64.Build.0 = Debug|Any CPU
		{0EA4CD82-700F-430A-84D6-4A0CD9745B3C}.Debug|x86.ActiveCfg = Debug|Any CPU
		{0EA4CD82-700F-430A-84D6-4A0CD9745B3C}.Debug|x86.Build.0 = Debug|Any CPU
		{0EA4CD82-700F-430A-84D6-4A0CD9745B3C}.Release|Any CPU.ActiveCfg = Release|Any CPU
		{0EA4CD82-700F-430A-84D6-4A0CD9745B3C}.Release|Any CPU.Build.0 = Release|Any CPU
		{0EA4CD82-700F-430A-84D6-4A0CD9745B3C}.Release|x64.ActiveCfg = Release|Any CPU
		{0EA4CD82-700F-430A-84D6-4A0CD9745B3C}.Release|x64.Build.0 = Release|Any CPU
		{0EA4CD82-700F-430A-84D6-4A0CD9745B3C}.Release|x86.ActiveCfg = Release|Any CPU
		{0EA4CD82-700F-430A-84D6-4A0CD9745B3C}.Release|x86.Build.0 = Release|Any CPU
		{296FEB6E-4E21-422D-AFA9-6C6BEEC40DC8}.Debug|Any CPU.ActiveCfg = Debug|Any CPU
		{296FEB6E-4E21-422D-AFA9-6C6BEEC40DC8}.Debug|Any CPU.Build.0 = Debug|Any CPU
		{296FEB6E-4E21-422D-AFA9-6C6BEEC40DC8}.Debug|x64.ActiveCfg = Debug|Any CPU
		{296FEB6E-4E21-422D-AFA9-6C6BEEC40DC8}.Debug|x64.Build.0 = Debug|Any CPU
		{296FEB6E-4E21-422D-AFA9-6C6BEEC40DC8}.Debug|x86.ActiveCfg = Debug|Any CPU
		{296FEB6E-4E21-422D-AFA9-6C6BEEC40DC8}.Debug|x86.Build.0 = Debug|Any CPU
		{296FEB6E-4E21-422D-AFA9-6C6BEEC40DC8}.Release|Any CPU.ActiveCfg = Release|Any CPU
		{296FEB6E-4E21-422D-AFA9-6C6BEEC40DC8}.Release|Any CPU.Build.0 = Release|Any CPU
		{296FEB6E-4E21-422D-AFA9-6C6BEEC40DC8}.Release|x64.ActiveCfg = Release|Any CPU
		{296FEB6E-4E21-422D-AFA9-6C6BEEC40DC8}.Release|x64.Build.0 = Release|Any CPU
		{296FEB6E-4E21-422D-AFA9-6C6BEEC40DC8}.Release|x86.ActiveCfg = Release|Any CPU
		{296FEB6E-4E21-422D-AFA9-6C6BEEC40DC8}.Release|x86.Build.0 = Release|Any CPU
		{93E9CC82-BDB1-4A34-8543-4926C1C541E8}.Debug|Any CPU.ActiveCfg = Debug|Any CPU
		{93E9CC82-BDB1-4A34-8543-4926C1C541E8}.Debug|Any CPU.Build.0 = Debug|Any CPU
		{93E9CC82-BDB1-4A34-8543-4926C1C541E8}.Debug|x64.ActiveCfg = Debug|Any CPU
		{93E9CC82-BDB1-4A34-8543-4926C1C541E8}.Debug|x64.Build.0 = Debug|Any CPU
		{93E9CC82-BDB1-4A34-8543-4926C1C541E8}.Debug|x86.ActiveCfg = Debug|Any CPU
		{93E9CC82-BDB1-4A34-8543-4926C1C541E8}.Debug|x86.Build.0 = Debug|Any CPU
		{93E9CC82-BDB1-4A34-8543-4926C1C541E8}.Release|Any CPU.ActiveCfg = Release|Any CPU
		{93E9CC82-BDB1-4A34-8543-4926C1C541E8}.Release|Any CPU.Build.0 = Release|Any CPU
		{93E9CC82-BDB1-4A34-8543-4926C1C541E8}.Release|x64.ActiveCfg = Release|Any CPU
		{93E9CC82-BDB1-4A34-8543-4926C1C541E8}.Release|x64.Build.0 = Release|Any CPU
		{93E9CC82-BDB1-4A34-8543-4926C1C541E8}.Release|x86.ActiveCfg = Release|Any CPU
		{93E9CC82-BDB1-4A34-8543-4926C1C541E8}.Release|x86.Build.0 = Release|Any CPU
		{A3F74E46-B7D0-47F7-B358-3270375A123A}.Debug|Any CPU.ActiveCfg = Debug|Any CPU
		{A3F74E46-B7D0-47F7-B358-3270375A123A}.Debug|Any CPU.Build.0 = Debug|Any CPU
		{A3F74E46-B7D0-47F7-B358-3270375A123A}.Debug|x64.ActiveCfg = Debug|Any CPU
		{A3F74E46-B7D0-47F7-B358-3270375A123A}.Debug|x64.Build.0 = Debug|Any CPU
		{A3F74E46-B7D0-47F7-B358-3270375A123A}.Debug|x86.ActiveCfg = Debug|Any CPU
		{A3F74E46-B7D0-47F7-B358-3270375A123A}.Debug|x86.Build.0 = Debug|Any CPU
		{A3F74E46-B7D0-47F7-B358-3270375A123A}.Release|Any CPU.ActiveCfg = Release|Any CPU
		{A3F74E46-B7D0-47F7-B358-3270375A123A}.Release|Any CPU.Build.0 = Release|Any CPU
		{A3F74E46-B7D0-47F7-B358-3270375A123A}.Release|x64.ActiveCfg = Release|Any CPU
		{A3F74E46-B7D0-47F7-B358-3270375A123A}.Release|x64.Build.0 = Release|Any CPU
		{A3F74E46-B7D0-47F7-B358-3270375A123A}.Release|x86.ActiveCfg = Release|Any CPU
		{A3F74E46-B7D0-47F7-B358-3270375A123A}.Release|x86.Build.0 = Release|Any CPU
		{B2FF8DEE-D30A-4A96-B927-5D464760FEF5}.Debug|Any CPU.ActiveCfg = Debug|Any CPU
		{B2FF8DEE-D30A-4A96-B927-5D464760FEF5}.Debug|Any CPU.Build.0 = Debug|Any CPU
		{B2FF8DEE-D30A-4A96-B927-5D464760FEF5}.Debug|x64.ActiveCfg = Debug|Any CPU
		{B2FF8DEE-D30A-4A96-B927-5D464760FEF5}.Debug|x64.Build.0 = Debug|Any CPU
		{B2FF8DEE-D30A-4A96-B927-5D464760FEF5}.Debug|x86.ActiveCfg = Debug|Any CPU
		{B2FF8DEE-D30A-4A96-B927-5D464760FEF5}.Debug|x86.Build.0 = Debug|Any CPU
		{B2FF8DEE-D30A-4A96-B927-5D464760FEF5}.Release|Any CPU.ActiveCfg = Release|Any CPU
		{B2FF8DEE-D30A-4A96-B927-5D464760FEF5}.Release|Any CPU.Build.0 = Release|Any CPU
		{B2FF8DEE-D30A-4A96-B927-5D464760FEF5}.Release|x64.ActiveCfg = Release|Any CPU
		{B2FF8DEE-D30A-4A96-B927-5D464760FEF5}.Release|x64.Build.0 = Release|Any CPU
		{B2FF8DEE-D30A-4A96-B927-5D464760FEF5}.Release|x86.ActiveCfg = Release|Any CPU
		{B2FF8DEE-D30A-4A96-B927-5D464760FEF5}.Release|x86.Build.0 = Release|Any CPU
		{BC7B59D6-F575-46E2-995C-33C87B1CB69D}.Debug|Any CPU.ActiveCfg = Debug|Any CPU
		{BC7B59D6-F575-46E2-995C-33C87B1CB69D}.Debug|Any CPU.Build.0 = Debug|Any CPU
		{BC7B59D6-F575-46E2-995C-33C87B1CB69D}.Debug|x64.ActiveCfg = Debug|Any CPU
		{BC7B59D6-F575-46E2-995C-33C87B1CB69D}.Debug|x64.Build.0 = Debug|Any CPU
		{BC7B59D6-F575-46E2-995C-33C87B1CB69D}.Debug|x86.ActiveCfg = Debug|Any CPU
		{BC7B59D6-F575-46E2-995C-33C87B1CB69D}.Debug|x86.Build.0 = Debug|Any CPU
		{BC7B59D6-F575-46E2-995C-33C87B1CB69D}.Release|Any CPU.ActiveCfg = Release|Any CPU
		{BC7B59D6-F575-46E2-995C-33C87B1CB69D}.Release|Any CPU.Build.0 = Release|Any CPU
		{BC7B59D6-F575-46E2-995C-33C87B1CB69D}.Release|x64.ActiveCfg = Release|Any CPU
		{BC7B59D6-F575-46E2-995C-33C87B1CB69D}.Release|x64.Build.0 = Release|Any CPU
		{BC7B59D6-F575-46E2-995C-33C87B1CB69D}.Release|x86.ActiveCfg = Release|Any CPU
		{BC7B59D6-F575-46E2-995C-33C87B1CB69D}.Release|x86.Build.0 = Release|Any CPU
		{03AA7A18-147F-432D-AECD-23391A4EFD5C}.Debug|Any CPU.ActiveCfg = Debug|Any CPU
		{03AA7A18-147F-432D-AECD-23391A4EFD5C}.Debug|Any CPU.Build.0 = Debug|Any CPU
		{03AA7A18-147F-432D-AECD-23391A4EFD5C}.Debug|x64.ActiveCfg = Debug|Any CPU
		{03AA7A18-147F-432D-AECD-23391A4EFD5C}.Debug|x64.Build.0 = Debug|Any CPU
		{03AA7A18-147F-432D-AECD-23391A4EFD5C}.Debug|x86.ActiveCfg = Debug|Any CPU
		{03AA7A18-147F-432D-AECD-23391A4EFD5C}.Debug|x86.Build.0 = Debug|Any CPU
		{03AA7A18-147F-432D-AECD-23391A4EFD5C}.Release|Any CPU.ActiveCfg = Release|Any CPU
		{03AA7A18-147F-432D-AECD-23391A4EFD5C}.Release|Any CPU.Build.0 = Release|Any CPU
		{03AA7A18-147F-432D-AECD-23391A4EFD5C}.Release|x64.ActiveCfg = Release|Any CPU
		{03AA7A18-147F-432D-AECD-23391A4EFD5C}.Release|x64.Build.0 = Release|Any CPU
		{03AA7A18-147F-432D-AECD-23391A4EFD5C}.Release|x86.ActiveCfg = Release|Any CPU
		{03AA7A18-147F-432D-AECD-23391A4EFD5C}.Release|x86.Build.0 = Release|Any CPU
	EndGlobalSection
	GlobalSection(SolutionProperties) = preSolution
		HideSolutionNode = FALSE
	EndGlobalSection
	GlobalSection(NestedProjects) = preSolution
		{62A07EFC-D6C6-4A12-A9A1-7BFA0AE16C6D} = {827E0CD3-B72D-47B6-A68D-7590B98EB39B}
		{95EB4B76-84BE-4668-9EDF-FDCBDEDC5DD0} = {827E0CD3-B72D-47B6-A68D-7590B98EB39B}
		{21A602A0-F323-4174-BB00-2936CB886FEB} = {827E0CD3-B72D-47B6-A68D-7590B98EB39B}
		{BF193661-92FD-446F-A60A-E24D01907328} = {827E0CD3-B72D-47B6-A68D-7590B98EB39B}
		{1E677DBE-D125-4FE2-BC4B-E3DE7C17FEAE} = {827E0CD3-B72D-47B6-A68D-7590B98EB39B}
		{E3EFCA2D-C661-4F9D-B502-FC4D7CF55E12} = {827E0CD3-B72D-47B6-A68D-7590B98EB39B}
		{541D795A-6D0D-4087-8850-E0737E4B0049} = {827E0CD3-B72D-47B6-A68D-7590B98EB39B}
		{F46730DC-16C8-4748-90C2-21AABD7885CC} = {0AB3BF05-4346-4AA6-1389-037BE0695223}
		{1A4D6C36-AF8D-47B7-BE4B-B9FFB7423F29} = {0AB3BF05-4346-4AA6-1389-037BE0695223}
		{522D3F09-3E60-4E56-8811-E38945B6A56E} = {0AB3BF05-4346-4AA6-1389-037BE0695223}
		{B974201F-3F35-4ECC-9746-250C214A3427} = {0AB3BF05-4346-4AA6-1389-037BE0695223}
		{0EA4CD82-700F-430A-84D6-4A0CD9745B3C} = {0AB3BF05-4346-4AA6-1389-037BE0695223}
		{296FEB6E-4E21-422D-AFA9-6C6BEEC40DC8} = {0AB3BF05-4346-4AA6-1389-037BE0695223}
		{93E9CC82-BDB1-4A34-8543-4926C1C541E8} = {0AB3BF05-4346-4AA6-1389-037BE0695223}
		{A3F74E46-B7D0-47F7-B358-3270375A123A} = {07C2787E-EAC7-C090-1BA3-A61EC2A24D84}
		{B2FF8DEE-D30A-4A96-B927-5D464760FEF5} = {827E0CD3-B72D-47B6-A68D-7590B98EB39B}
		{BC7B59D6-F575-46E2-995C-33C87B1CB69D} = {827E0CD3-B72D-47B6-A68D-7590B98EB39B}
		{03AA7A18-147F-432D-AECD-23391A4EFD5C} = {0AB3BF05-4346-4AA6-1389-037BE0695223}
	EndGlobalSection
EndGlobal
